
Microsoft Visual Studio Solution File, Format Version 12.00
# Visual Studio Version 16
VisualStudioVersion = 16.0.29613.14
MinimumVisualStudioVersion = 10.0.40219.1
Project("{FAE04EC0-301F-11D3-BF4B-00C04F79EFBC}") = "TestApplicatif", "TestApplicatif.csproj", "{B25811C2-6DDF-47F6-8DC2-51A22CEC2AC3}"
EndProject
Project("{FAE04EC0-301F-11D3-BF4B-00C04F79EFBC}") = "TestApplicatifTests", "..\TestApplicatifTests\TestApplicatifTests.csproj", "{24B7D651-2FCE-43D5-B60D-653C490D76A4}"
EndProject
Global
	GlobalSection(SolutionConfigurationPlatforms) = preSolution
		Debug|Any CPU = Debug|Any CPU
		Release|Any CPU = Release|Any CPU
	EndGlobalSection
	GlobalSection(ProjectConfigurationPlatforms) = postSolution
		{B25811C2-6DDF-47F6-8DC2-51A22CEC2AC3}.Debug|Any CPU.ActiveCfg = Debug|Any CPU
		{B25811C2-6DDF-47F6-8DC2-51A22CEC2AC3}.Debug|Any CPU.Build.0 = Debug|Any CPU
		{B25811C2-6DDF-47F6-8DC2-51A22CEC2AC3}.Release|Any CPU.ActiveCfg = Release|Any CPU
		{B25811C2-6DDF-47F6-8DC2-51A22CEC2AC3}.Release|Any CPU.Build.0 = Release|Any CPU
		{24B7D651-2FCE-43D5-B60D-653C490D76A4}.Debug|Any CPU.ActiveCfg = Debug|Any CPU
		{24B7D651-2FCE-43D5-B60D-653C490D76A4}.Debug|Any CPU.Build.0 = Debug|Any CPU
		{24B7D651-2FCE-43D5-B60D-653C490D76A4}.Release|Any CPU.ActiveCfg = Release|Any CPU
		{24B7D651-2FCE-43D5-B60D-653C490D76A4}.Release|Any CPU.Build.0 = Release|Any CPU
	EndGlobalSection
	GlobalSection(SolutionProperties) = preSolution
		HideSolutionNode = FALSE
	EndGlobalSection
	GlobalSection(ExtensibilityGlobals) = postSolution
		SolutionGuid = {6E73254F-F29A-45AC-A0FB-54D3F9D50430}
	EndGlobalSection
EndGlobal
